
Microsoft Visual Studio Solution File, Format Version 12.00
# Visual Studio Version 17
VisualStudioVersion = 17.14.36221.1 d17.14
MinimumVisualStudioVersion = 10.0.40219.1
Project("{FAE04EC0-301F-11D3-BF4B-00C04F79EFBC}") = "WebApplication16_Multimodel_Demo", "WebApplication16_Multimodel_Demo\WebApplication16_Multimodel_Demo.csproj", "{AA717C11-AE7B-4E43-81F0-3FC1617C0048}"
EndProject
Global
	GlobalSection(SolutionConfigurationPlatforms) = preSolution
		Debug|Any CPU = Debug|Any CPU
		Release|Any CPU = Release|Any CPU
	EndGlobalSection
	GlobalSection(ProjectConfigurationPlatforms) = postSolution
		{AA717C11-AE7B-4E43-81F0-3FC1617C0048}.Debug|Any CPU.ActiveCfg = Debug|Any CPU
		{AA717C11-AE7B-4E43-81F0-3FC1617C0048}.Debug|Any CPU.Build.0 = Debug|Any CPU
		{AA717C11-AE7B-4E43-81F0-3FC1617C0048}.Release|Any CPU.ActiveCfg = Release|Any CPU
		{AA717C11-AE7B-4E43-81F0-3FC1617C0048}.Release|Any CPU.Build.0 = Release|Any CPU
	EndGlobalSection
	GlobalSection(SolutionProperties) = preSolution
		HideSolutionNode = FALSE
	EndGlobalSection
	GlobalSection(ExtensibilityGlobals) = postSolution
		SolutionGuid = {1FD30D9C-86E6-4BE7-B549-FE98A5C2C6C2}
	EndGlobalSection
EndGlobal
